dependencies:
- name: postgresql
  repository: oci://registry-1.docker.io/bitnamicharts
  version: 16.4.9
- name: redis
  repository: oci://registry-1.docker.io/bitnamicharts
  version: 20.7.1
digest: sha256:5a0fb9edeaf94a7d907b216f475bf5508ef795a502a1e81e0cf531279835347a
generated: "2025-02-20T06:30:37.132823423Z"
